
Microsoft Visual Studio Solution File, Format Version 12.00
# Visual Studio Version 16
VisualStudioVersion = 16.0.29709.97
MinimumVisualStudioVersion = 10.0.40219.1
Project("{FAE04EC0-301F-11D3-BF4B-00C04F79EFBC}") = "LabMIO", "LabMIO\LabMIO.csproj", "{2EFA065C-E236-481E-B356-D8F7B0E25F2B}"
EndProject
Project("{FAE04EC0-301F-11D3-BF4B-00C04F79EFBC}") = "LabMIO.Data", "LabMIO.Data\LabMIO.Data.csproj", "{84D9A017-E4C7-4283-8D1B-186CF8BE2A62}"
EndProject
Global
	GlobalSection(SolutionConfigurationPlatforms) = preSolution
		Debug|Any CPU = Debug|Any CPU
		Release|Any CPU = Release|Any CPU
	EndGlobalSection
	GlobalSection(ProjectConfigurationPlatforms) = postSolution
		{2EFA065C-E236-481E-B356-D8F7B0E25F2B}.Debug|Any CPU.ActiveCfg = Debug|Any CPU
		{2EFA065C-E236-481E-B356-D8F7B0E25F2B}.Debug|Any CPU.Build.0 = Debug|Any CPU
		{2EFA065C-E236-481E-B356-D8F7B0E25F2B}.Release|Any CPU.ActiveCfg = Release|Any CPU
		{2EFA065C-E236-481E-B356-D8F7B0E25F2B}.Release|Any CPU.Build.0 = Release|Any CPU
		{84D9A017-E4C7-4283-8D1B-186CF8BE2A62}.Debug|Any CPU.ActiveCfg = Debug|Any CPU
		{84D9A017-E4C7-4283-8D1B-186CF8BE2A62}.Debug|Any CPU.Build.0 = Debug|Any CPU
		{84D9A017-E4C7-4283-8D1B-186CF8BE2A62}.Release|Any CPU.ActiveCfg = Release|Any CPU
		{84D9A017-E4C7-4283-8D1B-186CF8BE2A62}.Release|Any CPU.Build.0 = Release|Any CPU
	EndGlobalSection
	GlobalSection(SolutionProperties) = preSolution
		HideSolutionNode = FALSE
	EndGlobalSection
	GlobalSection(ExtensibilityGlobals) = postSolution
		SolutionGuid = {2EE36828-5D77-4129-B3B0-0B767F1E441C}
	EndGlobalSection
EndGlobal
